
Microsoft Visual Studio Solution File, Format Version 12.00
# Visual Studio Version 17
VisualStudioVersion = 17.0.31903.59
MinimumVisualStudioVersion = 10.0.40219.1
Project("{FAE04EC0-301F-11D3-BF4B-00C04F79EFBC}") = "TaskFlow.API", "TaskFlow.API\TaskFlow.API.csproj", "{A87032C8-0C7B-4708-9632-718E09BFF577}"
EndProject
Project("{FAE04EC0-301F-11D3-BF4B-00C04F79EFBC}") = "TaskFlow.Core", "TaskFlow.Core\TaskFlow.Core.csproj", "{DD75E706-5DAF-4178-BC26-3E7AE30B1256}"
EndProject
Project("{FAE04EC0-301F-11D3-BF4B-00C04F79EFBC}") = "TaskFlow.Tests", "TaskFlow.Tests\TaskFlow.Tests.csproj", "{F389A44D-AAEF-4E8F-83FB-15FEB4B21A73}"
EndProject
Global
	GlobalSection(SolutionConfigurationPlatforms) = preSolution
		Debug|Any CPU = Debug|Any CPU
		Debug|x64 = Debug|x64
		Debug|x86 = Debug|x86
		Release|Any CPU = Release|Any CPU
		Release|x64 = Release|x64
		Release|x86 = Release|x86
	EndGlobalSection
	GlobalSection(ProjectConfigurationPlatforms) = postSolution
		{A87032C8-0C7B-4708-9632-718E09BFF577}.Debug|Any CPU.ActiveCfg = Debug|Any CPU
		{A87032C8-0C7B-4708-9632-718E09BFF577}.Debug|Any CPU.Build.0 = Debug|Any CPU
		{A87032C8-0C7B-4708-9632-718E09BFF577}.Debug|x64.ActiveCfg = Debug|Any CPU
		{A87032C8-0C7B-4708-9632-718E09BFF577}.Debug|x64.Build.0 = Debug|Any CPU
		{A87032C8-0C7B-4708-9632-718E09BFF577}.Debug|x86.ActiveCfg = Debug|Any CPU
		{A87032C8-0C7B-4708-9632-718E09BFF577}.Debug|x86.Build.0 = Debug|Any CPU
		{A87032C8-0C7B-4708-9632-718E09BFF577}.Release|Any CPU.ActiveCfg = Release|Any CPU
		{A87032C8-0C7B-4708-9632-718E09BFF577}.Release|Any CPU.Build.0 = Release|Any CPU
		{A87032C8-0C7B-4708-9632-718E09BFF577}.Release|x64.ActiveCfg = Release|Any CPU
		{A87032C8-0C7B-4708-9632-718E09BFF577}.Release|x64.Build.0 = Release|Any CPU
		{A87032C8-0C7B-4708-9632-718E09BFF577}.Release|x86.ActiveCfg = Release|Any CPU
		{A87032C8-0C7B-4708-9632-718E09BFF577}.Release|x86.Build.0 = Release|Any CPU
		{DD75E706-5DAF-4178-BC26-3E7AE30B1256}.Debug|Any CPU.ActiveCfg = Debug|Any CPU
		{DD75E706-5DAF-4178-BC26-3E7AE30B1256}.Debug|Any CPU.Build.0 = Debug|Any CPU
		{DD75E706-5DAF-4178-BC26-3E7AE30B1256}.Debug|x64.ActiveCfg = Debug|Any CPU
		{DD75E706-5DAF-4178-BC26-3E7AE30B1256}.Debug|x64.Build.0 = Debug|Any CPU
		{DD75E706-5DAF-4178-BC26-3E7AE30B1256}.Debug|x86.ActiveCfg = Debug|Any CPU
		{DD75E706-5DAF-4178-BC26-3E7AE30B1256}.Debug|x86.Build.0 = Debug|Any CPU
		{DD75E706-5DAF-4178-BC26-3E7AE30B1256}.Release|Any CPU.ActiveCfg = Release|Any CPU
		{DD75E706-5DAF-4178-BC26-3E7AE30B1256}.Release|Any CPU.Build.0 = Release|Any CPU
		{DD75E706-5DAF-4178-BC26-3E7AE30B1256}.Release|x64.ActiveCfg = Release|Any CPU
		{DD75E706-5DAF-4178-BC26-3E7AE30B1256}.Release|x64.Build.0 = Release|Any CPU
		{DD75E706-5DAF-4178-BC26-3E7AE30B1256}.Release|x86.ActiveCfg = Release|Any CPU
		{DD75E706-5DAF-4178-BC26-3E7AE30B1256}.Release|x86.Build.0 = Release|Any CPU
		{F389A44D-AAEF-4E8F-83FB-15FEB4B21A73}.Debug|Any CPU.ActiveCfg = Debug|Any CPU
		{F389A44D-AAEF-4E8F-83FB-15FEB4B21A73}.Debug|Any CPU.Build.0 = Debug|Any CPU
		{F389A44D-AAEF-4E8F-83FB-15FEB4B21A73}.Debug|x64.ActiveCfg = Debug|Any CPU
		{F389A44D-AAEF-4E8F-83FB-15FEB4B21A73}.Debug|x64.Build.0 = Debug|Any CPU
		{F389A44D-AAEF-4E8F-83FB-15FEB4B21A73}.Debug|x86.ActiveCfg = Debug|Any CPU
		{F389A44D-AAEF-4E8F-83FB-15FEB4B21A73}.Debug|x86.Build.0 = Debug|Any CPU
		{F389A44D-AAEF-4E8F-83FB-15FEB4B21A73}.Release|Any CPU.ActiveCfg = Release|Any CPU
		{F389A44D-AAEF-4E8F-83FB-15FEB4B21A73}.Release|Any CPU.Build.0 = Release|Any CPU
		{F389A44D-AAEF-4E8F-83FB-15FEB4B21A73}.Release|x64.ActiveCfg = Release|Any CPU
		{F389A44D-AAEF-4E8F-83FB-15FEB4B21A73}.Release|x64.Build.0 = Release|Any CPU
		{F389A44D-AAEF-4E8F-83FB-15FEB4B21A73}.Release|x86.ActiveCfg = Release|Any CPU
		{F389A44D-AAEF-4E8F-83FB-15FEB4B21A73}.Release|x86.Build.0 = Release|Any CPU
	EndGlobalSection
	GlobalSection(SolutionProperties) = preSolution
		HideSolutionNode = FALSE
	EndGlobalSection
EndGlobal
